// !$*UTF8*$!
{
	archiveVersion = 1;
	classes = {
	};
	objectVersion = 46;
	objects = {

/* Begin PBXBuildFile section */
		1AF7BD391BDFD8AF0045A352 /* select.mp3 in Resources */ = {isa = PBXBuildFile; fileRef = 1AF7BD381BDFD8AF0045A352 /* select.mp3 */; };
		1AF7BD3A1BDFD8AF0045A352 /* select.mp3 in Resources */ = {isa = PBXBuildFile; fileRef = 1AF7BD381BDFD8AF0045A352 /* select.mp3 */; };
		1AF7BD3C1BDFD9A10045A352 /* gally.mp3 in Resources */ = {isa = PBXBuildFile; fileRef = 1AF7BD3B1BDFD9A10045A352 /* gally.mp3 */; };
		1AF7BD3D1BDFD9A10045A352 /* gally.mp3 in Resources */ = {isa = PBXBuildFile; fileRef = 1AF7BD3B1BDFD9A10045A352 /* gally.mp3 */; };
		1AF7BD3F1BDFD9C00045A352 /* telesto.mp3 in Resources */ = {isa = PBXBuildFile; fileRef = 1AF7BD3E1BDFD9C00045A352 /* telesto.mp3 */; };
		1AF7BD401BDFD9C00045A352 /* telesto.mp3 in Resources */ = {isa = PBXBuildFile; fileRef = 1AF7BD3E1BDFD9C00045A352 /* telesto.mp3 */; };
		1AF7BD421BDFD9D80045A352 /* ice-breaker.mp3 in Resources */ = {isa = PBXBuildFile; fileRef = 1AF7BD411BDFD9D80045A352 /* ice-breaker.mp3 */; };
		1AF7BD431BDFD9D80045A352 /* ice-breaker.mp3 in Resources */ = {isa = PBXBuildFile; fileRef = 1AF7BD411BDFD9D80045A352 /* ice-breaker.mp3 */; };
		1AF7BD451BDFDAF40045A352 /* directory.mp3 in Resources */ = {isa = PBXBuildFile; fileRef = 1AF7BD441BDFDAF40045A352 /* directory.mp3 */; };
		1AF7BD461BDFDAF40045A352 /* directory.mp3 in Resources */ = {isa = PBXBuildFile; fileRef = 1AF7BD441BDFDAF40045A352 /* directory.mp3 */; };
		1AF7BD481BDFDAF90045A352 /* exotic-drop.mp3 in Resources */ = {isa = PBXBuildFile; fileRef = 1AF7BD471BDFDAF90045A352 /* exotic-drop.mp3 */; };
		1AF7BD491BDFDAF90045A352 /* exotic-drop.mp3 in Resources */ = {isa = PBXBuildFile; fileRef = 1AF7BD471BDFDAF90045A352 /* exotic-drop.mp3 */; };
		1AF7BD4B1BDFDB040045A352 /* orbit.mp3 in Resources */ = {isa = PBXBuildFile; fileRef = 1AF7BD4A1BDFDB040045A352 /* orbit.mp3 */; };
		1AF7BD4C1BDFDB040045A352 /* orbit.mp3 in Resources */ = {isa = PBXBuildFile; fileRef = 1AF7BD4A1BDFDB040045A352 /* orbit.mp3 */; };
		1AF7BD4E1BDFDB170045A352 /* patrol.mp3 in Resources */ = {isa = PBXBuildFile; fileRef = 1AF7BD4D1BDFDB170045A352 /* patrol.mp3 */; };
		1AF7BD4F1BDFDB170045A352 /* patrol.mp3 in Resources */ = {isa = PBXBuildFile; fileRef = 1AF7BD4D1BDFDB170045A352 /* patrol.mp3 */; };
		1AF7BD511BDFDD4B0045A352 /* ghost.mp3 in Resources */ = {isa = PBXBuildFile; fileRef = 1AF7BD501BDFDD4B0045A352 /* ghost.mp3 */; };
		1AF7BD521BDFDD4B0045A352 /* ghost.mp3 in Resources */ = {isa = PBXBuildFile; fileRef = 1AF7BD501BDFDD4B0045A352 /* ghost.mp3 */; };
		1AF7BD541BDFDDC10045A352 /* shaxx.mp3 in Resources */ = {isa = PBXBuildFile; fileRef = 1AF7BD531BDFDDC10045A352 /* shaxx.mp3 */; };
		1AF7BD551BDFDDC10045A352 /* shaxx.mp3 in Resources */ = {isa = PBXBuildFile; fileRef = 1AF7BD531BDFDDC10045A352 /* shaxx.mp3 */; };
		1AF7BD571BDFDE020045A352 /* cayde.mp3 in Resources */ = {isa = PBXBuildFile; fileRef = 1AF7BD561BDFDE020045A352 /* cayde.mp3 */; };
		1AF7BD581BDFDE020045A352 /* cayde.mp3 in Resources */ = {isa = PBXBuildFile; fileRef = 1AF7BD561BDFDE020045A352 /* cayde.mp3 */; };
		1AF7BD5A1BDFDE280045A352 /* speaker.mp3 in Resources */ = {isa = PBXBuildFile; fileRef = 1AF7BD591BDFDE280045A352 /* speaker.mp3 */; };
		1AF7BD5B1BDFDE280045A352 /* speaker.mp3 in Resources */ = {isa = PBXBuildFile; fileRef = 1AF7BD591BDFDE280045A352 /* speaker.mp3 */; };
		1AF7BD5D1BDFDF110045A352 /* titan.mp3 in Resources */ = {isa = PBXBuildFile; fileRef = 1AF7BD5C1BDFDF110045A352 /* titan.mp3 */; };
		1AF7BD5E1BDFDF110045A352 /* titan.mp3 in Resources */ = {isa = PBXBuildFile; fileRef = 1AF7BD5C1BDFDF110045A352 /* titan.mp3 */; };
		1AF7BD601BDFDF150045A352 /* warlock.mp3 in Resources */ = {isa = PBXBuildFile; fileRef = 1AF7BD5F1BDFDF150045A352 /* warlock.mp3 */; };
		1AF7BD611BDFDF150045A352 /* warlock.mp3 in Resources */ = {isa = PBXBuildFile; fileRef = 1AF7BD5F1BDFDF150045A352 /* warlock.mp3 */; };
		1AF7BD631BDFDF1B0045A352 /* hunter.mp3 in Resources */ = {isa = PBXBuildFile; fileRef = 1AF7BD621BDFDF1B0045A352 /* hunter.mp3 */; };
		1AF7BD641BDFDF1B0045A352 /* hunter.mp3 in Resources */ = {isa = PBXBuildFile; fileRef = 1AF7BD621BDFDF1B0045A352 /* hunter.mp3 */; };
		1AF7BD661BDFE0C90045A352 /* chaperone.mp3 in Resources */ = {isa = PBXBuildFile; fileRef = 1AF7BD651BDFE0C90045A352 /* chaperone.mp3 */; };
		1AF7BD671BDFE0C90045A352 /* chaperone.mp3 in Resources */ = {isa = PBXBuildFile; fileRef = 1AF7BD651BDFE0C90045A352 /* chaperone.mp3 */; };
		49F61A7E1BDD980100DA379F /* AppDelegate.swift in Sources */ = {isa = PBXBuildFile; fileRef = 49F61A7D1BDD980100DA379F /* AppDelegate.swift */; };
		49F61A801BDD980100DA379F /* ViewController.swift in Sources */ = {isa = PBXBuildFile; fileRef = 49F61A7F1BDD980100DA379F /* ViewController.swift */; };
		49F61A831BDD980100DA379F /* Main.storyboard in Resources */ = {isa = PBXBuildFile; fileRef = 49F61A811BDD980100DA379F /* Main.storyboard */; };
		49F61A851BDD980100DA379F /* Images.xcassets in Resources */ = {isa = PBXBuildFile; fileRef = 49F61A841BDD980100DA379F /* Images.xcassets */; };
		49F61A881BDD980100DA379F /* LaunchScreen.xib in Resources */ = {isa = PBXBuildFile; fileRef = 49F61A861BDD980100DA379F /* LaunchScreen.xib */; };
		49F61A941BDD980100DA379F /* Project2Tests.swift in Sources */ = {isa = PBXBuildFile; fileRef = 49F61A931BDD980100DA379F /* Project2Tests.swift */; };
/* End PBXBuildFile section */

/* Begin PBXContainerItemProxy section */
		49F61A8E1BDD980100DA379F /* PBXContainerItemProxy */ = {
			isa = PBXContainerItemProxy;
			containerPortal = 49F61A701BDD980100DA379F /* Project object */;
			proxyType = 1;
			remoteGlobalIDString = 49F61A771BDD980100DA379F;
			remoteInfo = Project2;
		};
/* End PBXContainerItemProxy section */

/* Begin PBXCopyFilesBuildPhase section */
		49F61ABE1BDF14B800DA379F /* Embed Frameworks */ = {
			isa = PBXCopyFilesBuildPhase;
			buildActionMask = 2147483647;
			dstPath = "";
			dstSubfolderSpec = 10;
			files = (
			);
			name = "Embed Frameworks";
			runOnlyForDeploymentPostprocessing = 0;
		};
/* End PBXCopyFilesBuildPhase section */

/* Begin PBXFileReference section */
		1AF7BD381BDFD8AF0045A352 /* select.mp3 */ = {isa = PBXFileReference; lastKnownFileType = audio.mp3; path = select.mp3; sourceTree = "<group>"; };
		1AF7BD3B1BDFD9A10045A352 /* gally.mp3 */ = {isa = PBXFileReference; lastKnownFileType = audio.mp3; path = gally.mp3; sourceTree = "<group>"; };
		1AF7BD3E1BDFD9C00045A352 /* telesto.mp3 */ = {isa = PBXFileReference; lastKnownFileType = audio.mp3; path = telesto.mp3; sourceTree = "<group>"; };
		1AF7BD411BDFD9D80045A352 /* ice-breaker.mp3 */ = {isa = PBXFileReference; lastKnownFileType = audio.mp3; path = "ice-breaker.mp3"; sourceTree = "<group>"; };
		1AF7BD441BDFDAF40045A352 /* directory.mp3 */ = {isa = PBXFileReference; lastKnownFileType = audio.mp3; path = directory.mp3; sourceTree = "<group>"; };
		1AF7BD471BDFDAF90045A352 /* exotic-drop.mp3 */ = {isa = PBXFileReference; lastKnownFileType = audio.mp3; path = "exotic-drop.mp3"; sourceTree = "<group>"; };
		1AF7BD4A1BDFDB040045A352 /* orbit.mp3 */ = {isa = PBXFileReference; lastKnownFileType = audio.mp3; path = orbit.mp3; sourceTree = "<group>"; };
		1AF7BD4D1BDFDB170045A352 /* patrol.mp3 */ = {isa = PBXFileReference; lastKnownFileType = audio.mp3; path = patrol.mp3; sourceTree = "<group>"; };
		1AF7BD501BDFDD4B0045A352 /* ghost.mp3 */ = {isa = PBXFileReference; lastKnownFileType = audio.mp3; path = ghost.mp3; sourceTree = "<group>"; };
		1AF7BD531BDFDDC10045A352 /* shaxx.mp3 */ = {isa = PBXFileReference; lastKnownFileType = audio.mp3; path = shaxx.mp3; sourceTree = "<group>"; };
		1AF7BD561BDFDE020045A352 /* cayde.mp3 */ = {isa = PBXFileReference; lastKnownFileType = audio.mp3; path = cayde.mp3; sourceTree = "<group>"; };
		1AF7BD591BDFDE280045A352 /* speaker.mp3 */ = {isa = PBXFileReference; lastKnownFileType = audio.mp3; path = speaker.mp3; sourceTree = "<group>"; };
		1AF7BD5C1BDFDF110045A352 /* titan.mp3 */ = {isa = PBXFileReference; lastKnownFileType = audio.mp3; path = titan.mp3; sourceTree = "<group>"; };
		1AF7BD5F1BDFDF150045A352 /* warlock.mp3 */ = {isa = PBXFileReference; lastKnownFileType = audio.mp3; path = warlock.mp3; sourceTree = "<group>"; };
		1AF7BD621BDFDF1B0045A352 /* hunter.mp3 */ = {isa = PBXFileReference; lastKnownFileType = audio.mp3; path = hunter.mp3; sourceTree = "<group>"; };
		1AF7BD651BDFE0C90045A352 /* chaperone.mp3 */ = {isa = PBXFileReference; lastKnownFileType = audio.mp3; path = chaperone.mp3; sourceTree = "<group>"; };
		49F61A781BDD980100DA379F /* Project2.app */ = {isa = PBXFileReference; explicitFileType = wrapper.application; includeInIndex = 0; path = Project2.app; sourceTree = BUILT_PRODUCTS_DIR; };
		49F61A7C1BDD980100DA379F /* Info.plist */ = {isa = PBXFileReference; lastKnownFileType = text.plist.xml; path = Info.plist; sourceTree = "<group>"; };
		49F61A7D1BDD980100DA379F /* AppDelegate.swift */ = {isa = PBXFileReference; lastKnownFileType = sourcecode.swift; path = AppDelegate.swift; sourceTree = "<group>"; };
		49F61A7F1BDD980100DA379F /* ViewController.swift */ = {isa = PBXFileReference; lastKnownFileType = sourcecode.swift; path = ViewController.swift; sourceTree = "<group>"; };
		49F61A821BDD980100DA379F /* Base */ = {isa = PBXFileReference; lastKnownFileType = file.storyboard; name = Base; path = Base.lproj/Main.storyboard; sourceTree = "<group>"; };
		49F61A841BDD980100DA379F /* Images.xcassets */ = {isa = PBXFileReference; lastKnownFileType = folder.assetcatalog; path = Images.xcassets; sourceTree = "<group>"; };
		49F61A871BDD980100DA379F /* Base */ = {isa = PBXFileReference; lastKnownFileType = file.xib; name = Base; path = Base.lproj/LaunchScreen.xib; sourceTree = "<group>"; };
		49F61A8D1BDD980100DA379F /* Project2Tests.xctest */ = {isa = PBXFileReference; explicitFileType = wrapper.cfbundle; includeInIndex = 0; path = Project2Tests.xctest; sourceTree = BUILT_PRODUCTS_DIR; };
		49F61A921BDD980100DA379F /* Info.plist */ = {isa = PBXFileReference; lastKnownFileType = text.plist.xml; path = Info.plist; sourceTree = "<group>"; };
		49F61A931BDD980100DA379F /* Project2Tests.swift */ = {isa = PBXFileReference; lastKnownFileType = sourcecode.swift; path = Project2Tests.swift; sourceTree = "<group>"; };
/* End PBXFileReference section */

/* Begin PBXFrameworksBuildPhase section */
		49F61A751BDD980100DA379F /* Frameworks */ = {
			isa = PBXFrameworksBuildPhase;
			buildActionMask = 2147483647;
			files = (
			);
			runOnlyForDeploymentPostprocessing = 0;
		};
		49F61A8A1BDD980100DA379F /* Frameworks */ = {
			isa = PBXFrameworksBuildPhase;
			buildActionMask = 2147483647;
			files = (
			);
			runOnlyForDeploymentPostprocessing = 0;
		};
/* End PBXFrameworksBuildPhase section */

/* Begin PBXGroup section */
		49F61A6F1BDD980100DA379F = {
			isa = PBXGroup;
			children = (
				49F61A7A1BDD980100DA379F /* Project2 */,
				49F61A901BDD980100DA379F /* Project2Tests */,
				49F61A791BDD980100DA379F /* Products */,
			);
			sourceTree = "<group>";
		};
		49F61A791BDD980100DA379F /* Products */ = {
			isa = PBXGroup;
			children = (
				49F61A781BDD980100DA379F /* Project2.app */,
				49F61A8D1BDD980100DA379F /* Project2Tests.xctest */,
			);
			name = Products;
			sourceTree = "<group>";
		};
		49F61A7A1BDD980100DA379F /* Project2 */ = {
			isa = PBXGroup;
			children = (
				49F61A7D1BDD980100DA379F /* AppDelegate.swift */,
				49F61A7F1BDD980100DA379F /* ViewController.swift */,
				49F61A811BDD980100DA379F /* Main.storyboard */,
				49F61A841BDD980100DA379F /* Images.xcassets */,
				49F61A861BDD980100DA379F /* LaunchScreen.xib */,
				1AF7BD4A1BDFDB040045A352 /* orbit.mp3 */,
				1AF7BD4D1BDFDB170045A352 /* patrol.mp3 */,
				1AF7BD591BDFDE280045A352 /* speaker.mp3 */,
				1AF7BD531BDFDDC10045A352 /* shaxx.mp3 */,
				1AF7BD621BDFDF1B0045A352 /* hunter.mp3 */,
				1AF7BD5F1BDFDF150045A352 /* warlock.mp3 */,
				1AF7BD651BDFE0C90045A352 /* chaperone.mp3 */,
				1AF7BD501BDFDD4B0045A352 /* ghost.mp3 */,
				1AF7BD5C1BDFDF110045A352 /* titan.mp3 */,
				1AF7BD561BDFDE020045A352 /* cayde.mp3 */,
				1AF7BD441BDFDAF40045A352 /* directory.mp3 */,
				1AF7BD471BDFDAF90045A352 /* exotic-drop.mp3 */,
				1AF7BD411BDFD9D80045A352 /* ice-breaker.mp3 */,
				1AF7BD3B1BDFD9A10045A352 /* gally.mp3 */,
				1AF7BD3E1BDFD9C00045A352 /* telesto.mp3 */,
				1AF7BD381BDFD8AF0045A352 /* select.mp3 */,
				49F61A7B1BDD980100DA379F /* Supporting Files */,
			);
			path = Project2;
			sourceTree = "<group>";
		};
		49F61A7B1BDD980100DA379F /* Supporting Files */ = {
			isa = PBXGroup;
			children = (
				49F61A7C1BDD980100DA379F /* Info.plist */,
			);
			name = "Supporting Files";
			sourceTree = "<group>";
		};
		49F61A901BDD980100DA379F /* Project2Tests */ = {
			isa = PBXGroup;
			children = (
				49F61A931BDD980100DA379F /* Project2Tests.swift */,
				49F61A911BDD980100DA379F /* Supporting Files */,
			);
			path = Project2Tests;
			sourceTree = "<group>";
		};
		49F61A911BDD980100DA379F /* Supporting Files */ = {
			isa = PBXGroup;
			children = (
				49F61A921BDD980100DA379F /* Info.plist */,
			);
			name = "Supporting Files";
			sourceTree = "<group>";
		};
/* End PBXGroup section */

/* Begin PBXNativeTarget section */
		49F61A771BDD980100DA379F /* Project2 */ = {
			isa = PBXNativeTarget;
			buildConfigurationList = 49F61A971BDD980100DA379F /* Build configuration list for PBXNativeTarget "Project2" */;
			buildPhases = (
				49F61A741BDD980100DA379F /* Sources */,
				49F61A751BDD980100DA379F /* Frameworks */,
				49F61A761BDD980100DA379F /* Resources */,
				49F61ABE1BDF14B800DA379F /* Embed Frameworks */,
			);
			buildRules = (
			);
			dependencies = (
			);
			name = Project2;
			productName = Project2;
			productReference = 49F61A781BDD980100DA379F /* Project2.app */;
			productType = "com.apple.product-type.application";
		};
		49F61A8C1BDD980100DA379F /* Project2Tests */ = {
			isa = PBXNativeTarget;
			buildConfigurationList = 49F61A9A1BDD980100DA379F /* Build configuration list for PBXNativeTarget "Project2Tests" */;
			buildPhases = (
				49F61A891BDD980100DA379F /* Sources */,
				49F61A8A1BDD980100DA379F /* Frameworks */,
				49F61A8B1BDD980100DA379F /* Resources */,
			);
			buildRules = (
			);
			dependencies = (
				49F61A8F1BDD980100DA379F /* PBXTargetDependency */,
			);
			name = Project2Tests;
			productName = Project2Tests;
			productReference = 49F61A8D1BDD980100DA379F /* Project2Tests.xctest */;
			productType = "com.apple.product-type.bundle.unit-test";
		};
/* End PBXNativeTarget section */

/* Begin PBXProject section */
		49F61A701BDD980100DA379F /* Project object */ = {
			isa = PBXProject;
			attributes = {
				LastUpgradeCheck = 0640;
				ORGANIZATIONNAME = "Andrew Kiproff";
				TargetAttributes = {
					49F61A771BDD980100DA379F = {
						CreatedOnToolsVersion = 6.4;
					};
					49F61A8C1BDD980100DA379F = {
						CreatedOnToolsVersion = 6.4;
						TestTargetID = 49F61A771BDD980100DA379F;
					};
				};
			};
			buildConfigurationList = 49F61A731BDD980100DA379F /* Build configuration list for PBXProject "Project2" */;
			compatibilityVersion = "Xcode 3.2";
			developmentRegion = English;
			hasScannedForEncodings = 0;
			knownRegions = (
				en,
				Base,
			);
			mainGroup = 49F61A6F1BDD980100DA379F;
			productRefGroup = 49F61A791BDD980100DA379F /* Products */;
			projectDirPath = "";
			projectRoot = "";
			targets = (
				49F61A771BDD980100DA379F /* Project2 */,
				49F61A8C1BDD980100DA379F /* Project2Tests */,
			);
		};
/* End PBXProject section */

/* Begin PBXResourcesBuildPhase section */
		49F61A761BDD980100DA379F /* Resources */ = {
			isa = PBXResourcesBuildPhase;
			buildActionMask = 2147483647;
			files = (
				1AF7BD451BDFDAF40045A352 /* directory.mp3 in Resources */,
				1AF7BD421BDFD9D80045A352 /* ice-breaker.mp3 in Resources */,
				1AF7BD391BDFD8AF0045A352 /* select.mp3 in Resources */,
				1AF7BD3F1BDFD9C00045A352 /* telesto.mp3 in Resources */,
				1AF7BD541BDFDDC10045A352 /* shaxx.mp3 in Resources */,
				1AF7BD5A1BDFDE280045A352 /* speaker.mp3 in Resources */,
				49F61A831BDD980100DA379F /* Main.storyboard in Resources */,
				49F61A881BDD980100DA379F /* LaunchScreen.xib in Resources */,
				1AF7BD661BDFE0C90045A352 /* chaperone.mp3 in Resources */,
				1AF7BD481BDFDAF90045A352 /* exotic-drop.mp3 in Resources */,
				1AF7BD4B1BDFDB040045A352 /* orbit.mp3 in Resources */,
				1AF7BD631BDFDF1B0045A352 /* hunter.mp3 in Resources */,
				1AF7BD3C1BDFD9A10045A352 /* gally.mp3 in Resources */,
				49F61A851BDD980100DA379F /* Images.xcassets in Resources */,
				1AF7BD571BDFDE020045A352 /* cayde.mp3 in Resources */,
				1AF7BD511BDFDD4B0045A352 /* ghost.mp3 in Resources */,
				1AF7BD601BDFDF150045A352 /* warlock.mp3 in Resources */,
				1AF7BD4E1BDFDB170045A352 /* patrol.mp3 in Resources */,
				1AF7BD5D1BDFDF110045A352 /* titan.mp3 in Resources */,
			);
			runOnlyForDeploymentPostprocessing = 0;
		};
		49F61A8B1BDD980100DA379F /* Resources */ = {
			isa = PBXResourcesBuildPhase;
			buildActionMask = 2147483647;
			files = (
				1AF7BD671BDFE0C90045A352 /* chaperone.mp3 in Resources */,
				1AF7BD4F1BDFDB170045A352 /* patrol.mp3 in Resources */,
				1AF7BD3D1BDFD9A10045A352 /* gally.mp3 in Resources */,
				1AF7BD3A1BDFD8AF0045A352 /* select.mp3 in Resources */,
				1AF7BD581BDFDE020045A352 /* cayde.mp3 in Resources */,
				1AF7BD521BDFDD4B0045A352 /* ghost.mp3 in Resources */,
				1AF7BD5B1BDFDE280045A352 /* speaker.mp3 in Resources */,
				1AF7BD491BDFDAF90045A352 /* exotic-drop.mp3 in Resources */,
				1AF7BD461BDFDAF40045A352 /* directory.mp3 in Resources */,
				1AF7BD551BDFDDC10045A352 /* shaxx.mp3 in Resources */,
				1AF7BD641BDFDF1B0045A352 /* hunter.mp3 in Resources */,
				1AF7BD431BDFD9D80045A352 /* ice-breaker.mp3 in Resources */,
				1AF7BD5E1BDFDF110045A352 /* titan.mp3 in Resources */,
				1AF7BD611BDFDF150045A352 /* warlock.mp3 in Resources */,
				1AF7BD4C1BDFDB040045A352 /* orbit.mp3 in Resources */,
				1AF7BD401BDFD9C00045A352 /* telesto.mp3 in Resources */,
			);
			runOnlyForDeploymentPostprocessing = 0;
		};
/* End PBXResourcesBuildPhase section */

/* Begin PBXSourcesBuildPhase section */
		49F61A741BDD980100DA379F /* Sources */ = {
			isa = PBXSourcesBuildPhase;
			buildActionMask = 2147483647;
			files = (
				49F61A801BDD980100DA379F /* ViewController.swift in Sources */,
				49F61A7E1BDD980100DA379F /* AppDelegate.swift in Sources */,
			);
			runOnlyForDeploymentPostprocessing = 0;
		};
		49F61A891BDD980100DA379F /* Sources */ = {
			isa = PBXSourcesBuildPhase;
			buildActionMask = 2147483647;
			files = (
				49F61A941BDD980100DA379F /* Project2Tests.swift in Sources */,
			);
			runOnlyForDeploymentPostprocessing = 0;
		};
/* End PBXSourcesBuildPhase section */

/* Begin PBXTargetDependency section */
		49F61A8F1BDD980100DA379F /* PBXTargetDependency */ = {
			isa = PBXTargetDependency;
			target = 49F61A771BDD980100DA379F /* Project2 */;
			targetProxy = 49F61A8E1BDD980100DA379F /* PBXContainerItemProxy */;
		};
/* End PBXTargetDependency section */

/* Begin PBXVariantGroup section */
		49F61A811BDD980100DA379F /* Main.storyboard */ = {
			isa = PBXVariantGroup;
			children = (
				49F61A821BDD980100DA379F /* Base */,
			);
			name = Main.storyboard;
			sourceTree = "<group>";
		};
		49F61A861BDD980100DA379F /* LaunchScreen.xib */ = {
			isa = PBXVariantGroup;
			children = (
				49F61A871BDD980100DA379F /* Base */,
			);
			name = LaunchScreen.xib;
			sourceTree = "<group>";
		};
/* End PBXVariantGroup section */

/* Begin XCBuildConfiguration section */
		49F61A951BDD980100DA379F /* Debug */ = {
			isa = XCBuildConfiguration;
			buildSettings = {
				ALWAYS_SEARCH_USER_PATHS = NO;
				CLANG_CXX_LANGUAGE_STANDARD = "gnu++0x";
				CLANG_CXX_LIBRARY = "libc++";
				CLANG_ENABLE_MODULES = YES;
				CLANG_ENABLE_OBJC_ARC = YES;
				CLANG_WARN_BOOL_CONVERSION = YES;
				CLANG_WARN_CONSTANT_CONVERSION = YES;
				CLANG_WARN_DIRECT_OBJC_ISA_USAGE = YES_ERROR;
				CLANG_WARN_EMPTY_BODY = YES;
				CLANG_WARN_ENUM_CONVERSION = YES;
				CLANG_WARN_INT_CONVERSION = YES;
				CLANG_WARN_OBJC_ROOT_CLASS = YES_ERROR;
				CLANG_WARN_UNREACHABLE_CODE = YES;
				CLANG_WARN__DUPLICATE_METHOD_MATCH = YES;
				"CODE_SIGN_IDENTITY[sdk=iphoneos*]" = "iPhone Developer";
				COPY_PHASE_STRIP = NO;
				DEBUG_INFORMATION_FORMAT = "dwarf-with-dsym";
				ENABLE_STRICT_OBJC_MSGSEND = YES;
				GCC_C_LANGUAGE_STANDARD = gnu99;
				GCC_DYNAMIC_NO_PIC = NO;
				GCC_NO_COMMON_BLOCKS = YES;
				GCC_OPTIMIZATION_LEVEL = 0;
				GCC_PREPROCESSOR_DEFINITIONS = (
					"DEBUG=1",
					"$(inherited)",
				);
				GCC_SYMBOLS_PRIVATE_EXTERN = NO;
				GCC_WARN_64_TO_32_BIT_CONVERSION = YES;
				GCC_WARN_ABOUT_RETURN_TYPE = YES_ERROR;
				GCC_WARN_UNDECLARED_SELECTOR = YES;
				GCC_WARN_UNINITIALIZED_AUTOS = YES_AGGRESSIVE;
				GCC_WARN_UNUSED_FUNCTION = YES;
				GCC_WARN_UNUSED_VARIABLE = YES;
				IPHONEOS_DEPLOYMENT_TARGET = 8.4;
				MTL_ENABLE_DEBUG_INFO = YES;
				ONLY_ACTIVE_ARCH = YES;
				SDKROOT = iphoneos;
				SWIFT_OPTIMIZATION_LEVEL = "-Onone";
				TARGETED_DEVICE_FAMILY = "1,2";
			};
			name = Debug;
		};
		49F61A961BDD980100DA379F /* Release */ = {
			isa = XCBuildConfiguration;
			buildSettings = {
				ALWAYS_SEARCH_USER_PATHS = NO;
				CLANG_CXX_LANGUAGE_STANDARD = "gnu++0x";
				CLANG_CXX_LIBRARY = "libc++";
				CLANG_ENABLE_MODULES = YES;
				CLANG_ENABLE_OBJC_ARC = YES;
				CLANG_WARN_BOOL_CONVERSION = YES;
				CLANG_WARN_CONSTANT_CONVERSION = YES;
				CLANG_WARN_DIRECT_OBJC_ISA_USAGE = YES_ERROR;
				CLANG_WARN_EMPTY_BODY = YES;
				CLANG_WARN_ENUM_CONVERSION = YES;
				CLANG_WARN_INT_CONVERSION = YES;
				CLANG_WARN_OBJC_ROOT_CLASS = YES_ERROR;
				CLANG_WARN_UNREACHABLE_CODE = YES;
				CLANG_WARN__DUPLICATE_METHOD_MATCH = YES;
				"CODE_SIGN_IDENTITY[sdk=iphoneos*]" = "iPhone Developer";
				COPY_PHASE_STRIP = NO;
				DEBUG_INFORMATION_FORMAT = "dwarf-with-dsym";
				ENABLE_NS_ASSERTIONS = NO;
				ENABLE_STRICT_OBJC_MSGSEND = YES;
				GCC_C_LANGUAGE_STANDARD = gnu99;
				GCC_NO_COMMON_BLOCKS = YES;
				GCC_WARN_64_TO_32_BIT_CONVERSION = YES;
				GCC_WARN_ABOUT_RETURN_TYPE = YES_ERROR;
				GCC_WARN_UNDECLARED_SELECTOR = YES;
				GCC_WARN_UNINITIALIZED_AUTOS = YES_AGGRESSIVE;
				GCC_WARN_UNUSED_FUNCTION = YES;
				GCC_WARN_UNUSED_VARIABLE = YES;
				IPHONEOS_DEPLOYMENT_TARGET = 8.4;
				MTL_ENABLE_DEBUG_INFO = NO;
				SDKROOT = iphoneos;
				TARGETED_DEVICE_FAMILY = "1,2";
				VALIDATE_PRODUCT = YES;
			};
			name = Release;
		};
		49F61A981BDD980100DA379F /* Debug */ = {
			isa = XCBuildConfiguration;
			buildSettings = {
				ASSETCATALOG_COMPILER_APPICON_NAME = AppIcon;
				INFOPLIST_FILE = Project2/Info.plist;
				IPHONEOS_DEPLOYMENT_TARGET = 8.3;
				LD_RUNPATH_SEARCH_PATHS = "$(inherited) @executable_path/Frameworks";
				PRODUCT_NAME = "$(TARGET_NAME)";
			};
			name = Debug;
		};
		49F61A991BDD980100DA379F /* Release */ = {
			isa = XCBuildConfiguration;
			buildSettings = {
				ASSETCATALOG_COMPILER_APPICON_NAME = AppIcon;
				INFOPLIST_FILE = Project2/Info.plist;
				IPHONEOS_DEPLOYMENT_TARGET = 8.3;
				LD_RUNPATH_SEARCH_PATHS = "$(inherited) @executable_path/Frameworks";
				PRODUCT_NAME = "$(TARGET_NAME)";
			};
			name = Release;
		};
		49F61A9B1BDD980100DA379F /* Debug */ = {
			isa = XCBuildConfiguration;
			buildSettings = {
				BUNDLE_LOADER = "$(TEST_HOST)";
				FRAMEWORK_SEARCH_PATHS = (
					"$(SDKROOT)/Developer/Library/Frameworks",
					"$(inherited)",
				);
				GCC_PREPROCESSOR_DEFINITIONS = (
					"DEBUG=1",
					"$(inherited)",
				);
				INFOPLIST_FILE = Project2Tests/Info.plist;
				IPHONEOS_DEPLOYMENT_TARGET = 8.3;
				LD_RUNPATH_SEARCH_PATHS = "$(inherited) @executable_path/Frameworks @loader_path/Frameworks";
				PRODUCT_NAME = "$(TARGET_NAME)";
				TEST_HOST = "$(BUILT_PRODUCTS_DIR)/Project2.app/Project2";
			};
			name = Debug;
		};
		49F61A9C1BDD980100DA379F /* Release */ = {
			isa = XCBuildConfiguration;
			buildSettings = {
				BUNDLE_LOADER = "$(TEST_HOST)";
				FRAMEWORK_SEARCH_PATHS = (
					"$(SDKROOT)/Developer/Library/Frameworks",
					"$(inherited)",
				);
				INFOPLIST_FILE = Project2Tests/Info.plist;
				IPHONEOS_DEPLOYMENT_TARGET = 8.3;
				LD_RUNPATH_SEARCH_PATHS = "$(inherited) @executable_path/Frameworks @loader_path/Frameworks";
				PRODUCT_NAME = "$(TARGET_NAME)";
				TEST_HOST = "$(BUILT_PRODUCTS_DIR)/Project2.app/Project2";
			};
			name = Release;
		};
/* End XCBuildConfiguration section */

/* Begin XCConfigurationList section */
		49F61A731BDD980100DA379F /* Build configuration list for PBXProject "Project2" */ = {
			isa = XCConfigurationList;
			buildConfigurations = (
				49F61A951BDD980100DA379F /* Debug */,
				49F61A961BDD980100DA379F /* Release */,
			);
			defaultConfigurationIsVisible = 0;
			defaultConfigurationName = Release;
		};
		49F61A971BDD980100DA379F /* Build configuration list for PBXNativeTarget "Project2" */ = {
			isa = XCConfigurationList;
			buildConfigurations = (
				49F61A981BDD980100DA379F /* Debug */,
				49F61A991BDD980100DA379F /* Release */,
			);
			defaultConfigurationIsVisible = 0;
			defaultConfigurationName = Release;
		};
		49F61A9A1BDD980100DA379F /* Build configuration list for PBXNativeTarget "Project2Tests" */ = {
			isa = XCConfigurationList;
			buildConfigurations = (
				49F61A9B1BDD980100DA379F /* Debug */,
				49F61A9C1BDD980100DA379F /* Release */,
			);
			defaultConfigurationIsVisible = 0;
			defaultConfigurationName = Release;
		};
/* End XCConfigurationList section */
	};
	rootObject = 49F61A701BDD980100DA379F /* Project object */;
}
