// !$*UTF8*$!
{
	archiveVersion = 1;
	classes = {
	};
	objectVersion = 46;
	objects = {

/* Begin PBXBuildFile section */
		1A3C73751BC6C706008B4BDD /* AppDelegate.swift in Sources */ = {isa = PBXBuildFile; fileRef = 1A3C73741BC6C706008B4BDD /* AppDelegate.swift */; };
		1A3C73771BC6C706008B4BDD /* ViewController.swift in Sources */ = {isa = PBXBuildFile; fileRef = 1A3C73761BC6C706008B4BDD /* ViewController.swift */; };
		1A3C737A1BC6C706008B4BDD /* Main.storyboard in Resources */ = {isa = PBXBuildFile; fileRef = 1A3C73781BC6C706008B4BDD /* Main.storyboard */; };
		1A3C737C1BC6C707008B4BDD /* Images.xcassets in Resources */ = {isa = PBXBuildFile; fileRef = 1A3C737B1BC6C707008B4BDD /* Images.xcassets */; };
		1A3C737F1BC6C707008B4BDD /* LaunchScreen.xib in Resources */ = {isa = PBXBuildFile; fileRef = 1A3C737D1BC6C707008B4BDD /* LaunchScreen.xib */; };
		1A3C738B1BC6C707008B4BDD /* LocationTests.swift in Sources */ = {isa = PBXBuildFile; fileRef = 1A3C738A1BC6C707008B4BDD /* LocationTests.swift */; };
		1A3C73951BC6C78C008B4BDD /* CoreLocation.framework in Frameworks */ = {isa = PBXBuildFile; fileRef = 1A3C73941BC6C78C008B4BDD /* CoreLocation.framework */; };
		1A3C73971BC6C794008B4BDD /* MapKit.framework in Frameworks */ = {isa = PBXBuildFile; fileRef = 1A3C73961BC6C794008B4BDD /* MapKit.framework */; };
/* End PBXBuildFile section */

/* Begin PBXContainerItemProxy section */
		1A3C73851BC6C707008B4BDD /* PBXContainerItemProxy */ = {
			isa = PBXContainerItemProxy;
			containerPortal = 1A3C73671BC6C706008B4BDD /* Project object */;
			proxyType = 1;
			remoteGlobalIDString = 1A3C736E1BC6C706008B4BDD;
			remoteInfo = Location;
		};
/* End PBXContainerItemProxy section */

/* Begin PBXFileReference section */
		1A3C736F1BC6C706008B4BDD /* Location.app */ = {isa = PBXFileReference; explicitFileType = wrapper.application; includeInIndex = 0; path = Location.app; sourceTree = BUILT_PRODUCTS_DIR; };
		1A3C73731BC6C706008B4BDD /* Info.plist */ = {isa = PBXFileReference; lastKnownFileType = text.plist.xml; path = Info.plist; sourceTree = "<group>"; };
		1A3C73741BC6C706008B4BDD /* AppDelegate.swift */ = {isa = PBXFileReference; lastKnownFileType = sourcecode.swift; path = AppDelegate.swift; sourceTree = "<group>"; };
		1A3C73761BC6C706008B4BDD /* ViewController.swift */ = {isa = PBXFileReference; lastKnownFileType = sourcecode.swift; path = ViewController.swift; sourceTree = "<group>"; };
		1A3C73791BC6C706008B4BDD /* Base */ = {isa = PBXFileReference; lastKnownFileType = file.storyboard; name = Base; path = Base.lproj/Main.storyboard; sourceTree = "<group>"; };
		1A3C737B1BC6C707008B4BDD /* Images.xcassets */ = {isa = PBXFileReference; lastKnownFileType = folder.assetcatalog; path = Images.xcassets; sourceTree = "<group>"; };
		1A3C737E1BC6C707008B4BDD /* Base */ = {isa = PBXFileReference; lastKnownFileType = file.xib; name = Base; path = Base.lproj/LaunchScreen.xib; sourceTree = "<group>"; };
		1A3C73841BC6C707008B4BDD /* LocationTests.xctest */ = {isa = PBXFileReference; explicitFileType = wrapper.cfbundle; includeInIndex = 0; path = LocationTests.xctest; sourceTree = BUILT_PRODUCTS_DIR; };
		1A3C73891BC6C707008B4BDD /* Info.plist */ = {isa = PBXFileReference; lastKnownFileType = text.plist.xml; path = Info.plist; sourceTree = "<group>"; };
		1A3C738A1BC6C707008B4BDD /* LocationTests.swift */ = {isa = PBXFileReference; lastKnownFileType = sourcecode.swift; path = LocationTests.swift; sourceTree = "<group>"; };
		1A3C73941BC6C78C008B4BDD /* CoreLocation.framework */ = {isa = PBXFileReference; lastKnownFileType = wrapper.framework; name = CoreLocation.framework; path = System/Library/Frameworks/CoreLocation.framework; sourceTree = SDKROOT; };
		1A3C73961BC6C794008B4BDD /* MapKit.framework */ = {isa = PBXFileReference; lastKnownFileType = wrapper.framework; name = MapKit.framework; path = System/Library/Frameworks/MapKit.framework; sourceTree = SDKROOT; };
/* End PBXFileReference section */

/* Begin PBXFrameworksBuildPhase section */
		1A3C736C1BC6C706008B4BDD /* Frameworks */ = {
			isa = PBXFrameworksBuildPhase;
			buildActionMask = 2147483647;
			files = (
				1A3C73971BC6C794008B4BDD /* MapKit.framework in Frameworks */,
				1A3C73951BC6C78C008B4BDD /* CoreLocation.framework in Frameworks */,
			);
			runOnlyForDeploymentPostprocessing = 0;
		};
		1A3C73811BC6C707008B4BDD /* Frameworks */ = {
			isa = PBXFrameworksBuildPhase;
			buildActionMask = 2147483647;
			files = (
			);
			runOnlyForDeploymentPostprocessing = 0;
		};
/* End PBXFrameworksBuildPhase section */

/* Begin PBXGroup section */
		1A3C73661BC6C706008B4BDD = {
			isa = PBXGroup;
			children = (
				1A3C73961BC6C794008B4BDD /* MapKit.framework */,
				1A3C73941BC6C78C008B4BDD /* CoreLocation.framework */,
				1A3C73711BC6C706008B4BDD /* Location */,
				1A3C73871BC6C707008B4BDD /* LocationTests */,
				1A3C73701BC6C706008B4BDD /* Products */,
			);
			sourceTree = "<group>";
		};
		1A3C73701BC6C706008B4BDD /* Products */ = {
			isa = PBXGroup;
			children = (
				1A3C736F1BC6C706008B4BDD /* Location.app */,
				1A3C73841BC6C707008B4BDD /* LocationTests.xctest */,
			);
			name = Products;
			sourceTree = "<group>";
		};
		1A3C73711BC6C706008B4BDD /* Location */ = {
			isa = PBXGroup;
			children = (
				1A3C73741BC6C706008B4BDD /* AppDelegate.swift */,
				1A3C73761BC6C706008B4BDD /* ViewController.swift */,
				1A3C73781BC6C706008B4BDD /* Main.storyboard */,
				1A3C737B1BC6C707008B4BDD /* Images.xcassets */,
				1A3C737D1BC6C707008B4BDD /* LaunchScreen.xib */,
				1A3C73721BC6C706008B4BDD /* Supporting Files */,
			);
			path = Location;
			sourceTree = "<group>";
		};
		1A3C73721BC6C706008B4BDD /* Supporting Files */ = {
			isa = PBXGroup;
			children = (
				1A3C73731BC6C706008B4BDD /* Info.plist */,
			);
			name = "Supporting Files";
			sourceTree = "<group>";
		};
		1A3C73871BC6C707008B4BDD /* LocationTests */ = {
			isa = PBXGroup;
			children = (
				1A3C738A1BC6C707008B4BDD /* LocationTests.swift */,
				1A3C73881BC6C707008B4BDD /* Supporting Files */,
			);
			path = LocationTests;
			sourceTree = "<group>";
		};
		1A3C73881BC6C707008B4BDD /* Supporting Files */ = {
			isa = PBXGroup;
			children = (
				1A3C73891BC6C707008B4BDD /* Info.plist */,
			);
			name = "Supporting Files";
			sourceTree = "<group>";
		};
/* End PBXGroup section */

/* Begin PBXNativeTarget section */
		1A3C736E1BC6C706008B4BDD /* Location */ = {
			isa = PBXNativeTarget;
			buildConfigurationList = 1A3C738E1BC6C707008B4BDD /* Build configuration list for PBXNativeTarget "Location" */;
			buildPhases = (
				1A3C736B1BC6C706008B4BDD /* Sources */,
				1A3C736C1BC6C706008B4BDD /* Frameworks */,
				1A3C736D1BC6C706008B4BDD /* Resources */,
			);
			buildRules = (
			);
			dependencies = (
			);
			name = Location;
			productName = Location;
			productReference = 1A3C736F1BC6C706008B4BDD /* Location.app */;
			productType = "com.apple.product-type.application";
		};
		1A3C73831BC6C707008B4BDD /* LocationTests */ = {
			isa = PBXNativeTarget;
			buildConfigurationList = 1A3C73911BC6C707008B4BDD /* Build configuration list for PBXNativeTarget "LocationTests" */;
			buildPhases = (
				1A3C73801BC6C707008B4BDD /* Sources */,
				1A3C73811BC6C707008B4BDD /* Frameworks */,
				1A3C73821BC6C707008B4BDD /* Resources */,
			);
			buildRules = (
			);
			dependencies = (
				1A3C73861BC6C707008B4BDD /* PBXTargetDependency */,
			);
			name = LocationTests;
			productName = LocationTests;
			productReference = 1A3C73841BC6C707008B4BDD /* LocationTests.xctest */;
			productType = "com.apple.product-type.bundle.unit-test";
		};
/* End PBXNativeTarget section */

/* Begin PBXProject section */
		1A3C73671BC6C706008B4BDD /* Project object */ = {
			isa = PBXProject;
			attributes = {
				LastUpgradeCheck = 0630;
				ORGANIZATIONNAME = "Andrew Kiproff";
				TargetAttributes = {
					1A3C736E1BC6C706008B4BDD = {
						CreatedOnToolsVersion = 6.3.2;
					};
					1A3C73831BC6C707008B4BDD = {
						CreatedOnToolsVersion = 6.3.2;
						TestTargetID = 1A3C736E1BC6C706008B4BDD;
					};
				};
			};
			buildConfigurationList = 1A3C736A1BC6C706008B4BDD /* Build configuration list for PBXProject "Location" */;
			compatibilityVersion = "Xcode 3.2";
			developmentRegion = English;
			hasScannedForEncodings = 0;
			knownRegions = (
				en,
				Base,
			);
			mainGroup = 1A3C73661BC6C706008B4BDD;
			productRefGroup = 1A3C73701BC6C706008B4BDD /* Products */;
			projectDirPath = "";
			projectRoot = "";
			targets = (
				1A3C736E1BC6C706008B4BDD /* Location */,
				1A3C73831BC6C707008B4BDD /* LocationTests */,
			);
		};
/* End PBXProject section */

/* Begin PBXResourcesBuildPhase section */
		1A3C736D1BC6C706008B4BDD /* Resources */ = {
			isa = PBXResourcesBuildPhase;
			buildActionMask = 2147483647;
			files = (
				1A3C737A1BC6C706008B4BDD /* Main.storyboard in Resources */,
				1A3C737F1BC6C707008B4BDD /* LaunchScreen.xib in Resources */,
				1A3C737C1BC6C707008B4BDD /* Images.xcassets in Resources */,
			);
			runOnlyForDeploymentPostprocessing = 0;
		};
		1A3C73821BC6C707008B4BDD /* Resources */ = {
			isa = PBXResourcesBuildPhase;
			buildActionMask = 2147483647;
			files = (
			);
			runOnlyForDeploymentPostprocessing = 0;
		};
/* End PBXResourcesBuildPhase section */

/* Begin PBXSourcesBuildPhase section */
		1A3C736B1BC6C706008B4BDD /* Sources */ = {
			isa = PBXSourcesBuildPhase;
			buildActionMask = 2147483647;
			files = (
				1A3C73771BC6C706008B4BDD /* ViewController.swift in Sources */,
				1A3C73751BC6C706008B4BDD /* AppDelegate.swift in Sources */,
			);
			runOnlyForDeploymentPostprocessing = 0;
		};
		1A3C73801BC6C707008B4BDD /* Sources */ = {
			isa = PBXSourcesBuildPhase;
			buildActionMask = 2147483647;
			files = (
				1A3C738B1BC6C707008B4BDD /* LocationTests.swift in Sources */,
			);
			runOnlyForDeploymentPostprocessing = 0;
		};
/* End PBXSourcesBuildPhase section */

/* Begin PBXTargetDependency section */
		1A3C73861BC6C707008B4BDD /* PBXTargetDependency */ = {
			isa = PBXTargetDependency;
			target = 1A3C736E1BC6C706008B4BDD /* Location */;
			targetProxy = 1A3C73851BC6C707008B4BDD /* PBXContainerItemProxy */;
		};
/* End PBXTargetDependency section */

/* Begin PBXVariantGroup section */
		1A3C73781BC6C706008B4BDD /* Main.storyboard */ = {
			isa = PBXVariantGroup;
			children = (
				1A3C73791BC6C706008B4BDD /* Base */,
			);
			name = Main.storyboard;
			sourceTree = "<group>";
		};
		1A3C737D1BC6C707008B4BDD /* LaunchScreen.xib */ = {
			isa = PBXVariantGroup;
			children = (
				1A3C737E1BC6C707008B4BDD /* Base */,
			);
			name = LaunchScreen.xib;
			sourceTree = "<group>";
		};
/* End PBXVariantGroup section */

/* Begin XCBuildConfiguration section */
		1A3C738C1BC6C707008B4BDD /* Debug */ = {
			isa = XCBuildConfiguration;
			buildSettings = {
				ALWAYS_SEARCH_USER_PATHS = NO;
				CLANG_CXX_LANGUAGE_STANDARD = "gnu++0x";
				CLANG_CXX_LIBRARY = "libc++";
				CLANG_ENABLE_MODULES = YES;
				CLANG_ENABLE_OBJC_ARC = YES;
				CLANG_WARN_BOOL_CONVERSION = YES;
				CLANG_WARN_CONSTANT_CONVERSION = YES;
				CLANG_WARN_DIRECT_OBJC_ISA_USAGE = YES_ERROR;
				CLANG_WARN_EMPTY_BODY = YES;
				CLANG_WARN_ENUM_CONVERSION = YES;
				CLANG_WARN_INT_CONVERSION = YES;
				CLANG_WARN_OBJC_ROOT_CLASS = YES_ERROR;
				CLANG_WARN_UNREACHABLE_CODE = YES;
				CLANG_WARN__DUPLICATE_METHOD_MATCH = YES;
				"CODE_SIGN_IDENTITY[sdk=iphoneos*]" = "iPhone Developer";
				COPY_PHASE_STRIP = NO;
				DEBUG_INFORMATION_FORMAT = "dwarf-with-dsym";
				ENABLE_STRICT_OBJC_MSGSEND = YES;
				GCC_C_LANGUAGE_STANDARD = gnu99;
				GCC_DYNAMIC_NO_PIC = NO;
				GCC_NO_COMMON_BLOCKS = YES;
				GCC_OPTIMIZATION_LEVEL = 0;
				GCC_PREPROCESSOR_DEFINITIONS = (
					"DEBUG=1",
					"$(inherited)",
				);
				GCC_SYMBOLS_PRIVATE_EXTERN = NO;
				GCC_WARN_64_TO_32_BIT_CONVERSION = YES;
				GCC_WARN_ABOUT_RETURN_TYPE = YES_ERROR;
				GCC_WARN_UNDECLARED_SELECTOR = YES;
				GCC_WARN_UNINITIALIZED_AUTOS = YES_AGGRESSIVE;
				GCC_WARN_UNUSED_FUNCTION = YES;
				GCC_WARN_UNUSED_VARIABLE = YES;
				IPHONEOS_DEPLOYMENT_TARGET = 8.3;
				MTL_ENABLE_DEBUG_INFO = YES;
				ONLY_ACTIVE_ARCH = YES;
				SDKROOT = iphoneos;
				SWIFT_OPTIMIZATION_LEVEL = "-Onone";
				TARGETED_DEVICE_FAMILY = "1,2";
			};
			name = Debug;
		};
		1A3C738D1BC6C707008B4BDD /* Release */ = {
			isa = XCBuildConfiguration;
			buildSettings = {
				ALWAYS_SEARCH_USER_PATHS = NO;
				CLANG_CXX_LANGUAGE_STANDARD = "gnu++0x";
				CLANG_CXX_LIBRARY = "libc++";
				CLANG_ENABLE_MODULES = YES;
				CLANG_ENABLE_OBJC_ARC = YES;
				CLANG_WARN_BOOL_CONVERSION = YES;
				CLANG_WARN_CONSTANT_CONVERSION = YES;
				CLANG_WARN_DIRECT_OBJC_ISA_USAGE = YES_ERROR;
				CLANG_WARN_EMPTY_BODY = YES;
				CLANG_WARN_ENUM_CONVERSION = YES;
				CLANG_WARN_INT_CONVERSION = YES;
				CLANG_WARN_OBJC_ROOT_CLASS = YES_ERROR;
				CLANG_WARN_UNREACHABLE_CODE = YES;
				CLANG_WARN__DUPLICATE_METHOD_MATCH = YES;
				"CODE_SIGN_IDENTITY[sdk=iphoneos*]" = "iPhone Developer";
				COPY_PHASE_STRIP = NO;
				DEBUG_INFORMATION_FORMAT = "dwarf-with-dsym";
				ENABLE_NS_ASSERTIONS = NO;
				ENABLE_STRICT_OBJC_MSGSEND = YES;
				GCC_C_LANGUAGE_STANDARD = gnu99;
				GCC_NO_COMMON_BLOCKS = YES;
				GCC_WARN_64_TO_32_BIT_CONVERSION = YES;
				GCC_WARN_ABOUT_RETURN_TYPE = YES_ERROR;
				GCC_WARN_UNDECLARED_SELECTOR = YES;
				GCC_WARN_UNINITIALIZED_AUTOS = YES_AGGRESSIVE;
				GCC_WARN_UNUSED_FUNCTION = YES;
				GCC_WARN_UNUSED_VARIABLE = YES;
				IPHONEOS_DEPLOYMENT_TARGET = 8.3;
				MTL_ENABLE_DEBUG_INFO = NO;
				SDKROOT = iphoneos;
				TARGETED_DEVICE_FAMILY = "1,2";
				VALIDATE_PRODUCT = YES;
			};
			name = Release;
		};
		1A3C738F1BC6C707008B4BDD /* Debug */ = {
			isa = XCBuildConfiguration;
			buildSettings = {
				ASSETCATALOG_COMPILER_APPICON_NAME = AppIcon;
				INFOPLIST_FILE = Location/Info.plist;
				LD_RUNPATH_SEARCH_PATHS = "$(inherited) @executable_path/Frameworks";
				PRODUCT_NAME = "$(TARGET_NAME)";
			};
			name = Debug;
		};
		1A3C73901BC6C707008B4BDD /* Release */ = {
			isa = XCBuildConfiguration;
			buildSettings = {
				ASSETCATALOG_COMPILER_APPICON_NAME = AppIcon;
				INFOPLIST_FILE = Location/Info.plist;
				LD_RUNPATH_SEARCH_PATHS = "$(inherited) @executable_path/Frameworks";
				PRODUCT_NAME = "$(TARGET_NAME)";
			};
			name = Release;
		};
		1A3C73921BC6C707008B4BDD /* Debug */ = {
			isa = XCBuildConfiguration;
			buildSettings = {
				BUNDLE_LOADER = "$(TEST_HOST)";
				FRAMEWORK_SEARCH_PATHS = (
					"$(SDKROOT)/Developer/Library/Frameworks",
					"$(inherited)",
				);
				GCC_PREPROCESSOR_DEFINITIONS = (
					"DEBUG=1",
					"$(inherited)",
				);
				INFOPLIST_FILE = LocationTests/Info.plist;
				LD_RUNPATH_SEARCH_PATHS = "$(inherited) @executable_path/Frameworks @loader_path/Frameworks";
				PRODUCT_NAME = "$(TARGET_NAME)";
				TEST_HOST = "$(BUILT_PRODUCTS_DIR)/Location.app/Location";
			};
			name = Debug;
		};
		1A3C73931BC6C707008B4BDD /* Release */ = {
			isa = XCBuildConfiguration;
			buildSettings = {
				BUNDLE_LOADER = "$(TEST_HOST)";
				FRAMEWORK_SEARCH_PATHS = (
					"$(SDKROOT)/Developer/Library/Frameworks",
					"$(inherited)",
				);
				INFOPLIST_FILE = LocationTests/Info.plist;
				LD_RUNPATH_SEARCH_PATHS = "$(inherited) @executable_path/Frameworks @loader_path/Frameworks";
				PRODUCT_NAME = "$(TARGET_NAME)";
				TEST_HOST = "$(BUILT_PRODUCTS_DIR)/Location.app/Location";
			};
			name = Release;
		};
/* End XCBuildConfiguration section */

/* Begin XCConfigurationList section */
		1A3C736A1BC6C706008B4BDD /* Build configuration list for PBXProject "Location" */ = {
			isa = XCConfigurationList;
			buildConfigurations = (
				1A3C738C1BC6C707008B4BDD /* Debug */,
				1A3C738D1BC6C707008B4BDD /* Release */,
			);
			defaultConfigurationIsVisible = 0;
			defaultConfigurationName = Release;
		};
		1A3C738E1BC6C707008B4BDD /* Build configuration list for PBXNativeTarget "Location" */ = {
			isa = XCConfigurationList;
			buildConfigurations = (
				1A3C738F1BC6C707008B4BDD /* Debug */,
				1A3C73901BC6C707008B4BDD /* Release */,
			);
			defaultConfigurationIsVisible = 0;
		};
		1A3C73911BC6C707008B4BDD /* Build configuration list for PBXNativeTarget "LocationTests" */ = {
			isa = XCConfigurationList;
			buildConfigurations = (
				1A3C73921BC6C707008B4BDD /* Debug */,
				1A3C73931BC6C707008B4BDD /* Release */,
			);
			defaultConfigurationIsVisible = 0;
		};
/* End XCConfigurationList section */
	};
	rootObject = 1A3C73671BC6C706008B4BDD /* Project object */;
}
