// !$*UTF8*$!
{
	archiveVersion = 1;
	classes = {
	};
	objectVersion = 46;
	objects = {

/* Begin PBXBuildFile section */
		1A6C3D381BE26FA50091CB47 /* AppDelegate.swift in Sources */ = {isa = PBXBuildFile; fileRef = 1A6C3D371BE26FA50091CB47 /* AppDelegate.swift */; };
		1A6C3D3A1BE26FA50091CB47 /* ViewController.swift in Sources */ = {isa = PBXBuildFile; fileRef = 1A6C3D391BE26FA50091CB47 /* ViewController.swift */; };
		1A6C3D3D1BE26FA50091CB47 /* Main.storyboard in Resources */ = {isa = PBXBuildFile; fileRef = 1A6C3D3B1BE26FA50091CB47 /* Main.storyboard */; };
		1A6C3D3F1BE26FA50091CB47 /* Images.xcassets in Resources */ = {isa = PBXBuildFile; fileRef = 1A6C3D3E1BE26FA50091CB47 /* Images.xcassets */; };
		1A6C3D421BE26FA50091CB47 /* LaunchScreen.xib in Resources */ = {isa = PBXBuildFile; fileRef = 1A6C3D401BE26FA50091CB47 /* LaunchScreen.xib */; };
		1A6C3D4E1BE26FA50091CB47 /* MidtermTests.swift in Sources */ = {isa = PBXBuildFile; fileRef = 1A6C3D4D1BE26FA50091CB47 /* MidtermTests.swift */; };
/* End PBXBuildFile section */

/* Begin PBXContainerItemProxy section */
		1A6C3D481BE26FA50091CB47 /* PBXContainerItemProxy */ = {
			isa = PBXContainerItemProxy;
			containerPortal = 1A6C3D2A1BE26FA40091CB47 /* Project object */;
			proxyType = 1;
			remoteGlobalIDString = 1A6C3D311BE26FA50091CB47;
			remoteInfo = Midterm;
		};
/* End PBXContainerItemProxy section */

/* Begin PBXFileReference section */
		1A6C3D321BE26FA50091CB47 /* Midterm.app */ = {isa = PBXFileReference; explicitFileType = wrapper.application; includeInIndex = 0; path = Midterm.app; sourceTree = BUILT_PRODUCTS_DIR; };
		1A6C3D361BE26FA50091CB47 /* Info.plist */ = {isa = PBXFileReference; lastKnownFileType = text.plist.xml; path = Info.plist; sourceTree = "<group>"; };
		1A6C3D371BE26FA50091CB47 /* AppDelegate.swift */ = {isa = PBXFileReference; lastKnownFileType = sourcecode.swift; path = AppDelegate.swift; sourceTree = "<group>"; };
		1A6C3D391BE26FA50091CB47 /* ViewController.swift */ = {isa = PBXFileReference; lastKnownFileType = sourcecode.swift; path = ViewController.swift; sourceTree = "<group>"; };
		1A6C3D3C1BE26FA50091CB47 /* Base */ = {isa = PBXFileReference; lastKnownFileType = file.storyboard; name = Base; path = Base.lproj/Main.storyboard; sourceTree = "<group>"; };
		1A6C3D3E1BE26FA50091CB47 /* Images.xcassets */ = {isa = PBXFileReference; lastKnownFileType = folder.assetcatalog; path = Images.xcassets; sourceTree = "<group>"; };
		1A6C3D411BE26FA50091CB47 /* Base */ = {isa = PBXFileReference; lastKnownFileType = file.xib; name = Base; path = Base.lproj/LaunchScreen.xib; sourceTree = "<group>"; };
		1A6C3D471BE26FA50091CB47 /* MidtermTests.xctest */ = {isa = PBXFileReference; explicitFileType = wrapper.cfbundle; includeInIndex = 0; path = MidtermTests.xctest; sourceTree = BUILT_PRODUCTS_DIR; };
		1A6C3D4C1BE26FA50091CB47 /* Info.plist */ = {isa = PBXFileReference; lastKnownFileType = text.plist.xml; path = Info.plist; sourceTree = "<group>"; };
		1A6C3D4D1BE26FA50091CB47 /* MidtermTests.swift */ = {isa = PBXFileReference; lastKnownFileType = sourcecode.swift; path = MidtermTests.swift; sourceTree = "<group>"; };
/* End PBXFileReference section */

/* Begin PBXFrameworksBuildPhase section */
		1A6C3D2F1BE26FA50091CB47 /* Frameworks */ = {
			isa = PBXFrameworksBuildPhase;
			buildActionMask = 2147483647;
			files = (
			);
			runOnlyForDeploymentPostprocessing = 0;
		};
		1A6C3D441BE26FA50091CB47 /* Frameworks */ = {
			isa = PBXFrameworksBuildPhase;
			buildActionMask = 2147483647;
			files = (
			);
			runOnlyForDeploymentPostprocessing = 0;
		};
/* End PBXFrameworksBuildPhase section */

/* Begin PBXGroup section */
		1A6C3D291BE26FA40091CB47 = {
			isa = PBXGroup;
			children = (
				1A6C3D341BE26FA50091CB47 /* Midterm */,
				1A6C3D4A1BE26FA50091CB47 /* MidtermTests */,
				1A6C3D331BE26FA50091CB47 /* Products */,
			);
			sourceTree = "<group>";
		};
		1A6C3D331BE26FA50091CB47 /* Products */ = {
			isa = PBXGroup;
			children = (
				1A6C3D321BE26FA50091CB47 /* Midterm.app */,
				1A6C3D471BE26FA50091CB47 /* MidtermTests.xctest */,
			);
			name = Products;
			sourceTree = "<group>";
		};
		1A6C3D341BE26FA50091CB47 /* Midterm */ = {
			isa = PBXGroup;
			children = (
				1A6C3D371BE26FA50091CB47 /* AppDelegate.swift */,
				1A6C3D391BE26FA50091CB47 /* ViewController.swift */,
				1A6C3D3B1BE26FA50091CB47 /* Main.storyboard */,
				1A6C3D3E1BE26FA50091CB47 /* Images.xcassets */,
				1A6C3D401BE26FA50091CB47 /* LaunchScreen.xib */,
				1A6C3D351BE26FA50091CB47 /* Supporting Files */,
			);
			path = Midterm;
			sourceTree = "<group>";
		};
		1A6C3D351BE26FA50091CB47 /* Supporting Files */ = {
			isa = PBXGroup;
			children = (
				1A6C3D361BE26FA50091CB47 /* Info.plist */,
			);
			name = "Supporting Files";
			sourceTree = "<group>";
		};
		1A6C3D4A1BE26FA50091CB47 /* MidtermTests */ = {
			isa = PBXGroup;
			children = (
				1A6C3D4D1BE26FA50091CB47 /* MidtermTests.swift */,
				1A6C3D4B1BE26FA50091CB47 /* Supporting Files */,
			);
			path = MidtermTests;
			sourceTree = "<group>";
		};
		1A6C3D4B1BE26FA50091CB47 /* Supporting Files */ = {
			isa = PBXGroup;
			children = (
				1A6C3D4C1BE26FA50091CB47 /* Info.plist */,
			);
			name = "Supporting Files";
			sourceTree = "<group>";
		};
/* End PBXGroup section */

/* Begin PBXNativeTarget section */
		1A6C3D311BE26FA50091CB47 /* Midterm */ = {
			isa = PBXNativeTarget;
			buildConfigurationList = 1A6C3D511BE26FA50091CB47 /* Build configuration list for PBXNativeTarget "Midterm" */;
			buildPhases = (
				1A6C3D2E1BE26FA50091CB47 /* Sources */,
				1A6C3D2F1BE26FA50091CB47 /* Frameworks */,
				1A6C3D301BE26FA50091CB47 /* Resources */,
			);
			buildRules = (
			);
			dependencies = (
			);
			name = Midterm;
			productName = Midterm;
			productReference = 1A6C3D321BE26FA50091CB47 /* Midterm.app */;
			productType = "com.apple.product-type.application";
		};
		1A6C3D461BE26FA50091CB47 /* MidtermTests */ = {
			isa = PBXNativeTarget;
			buildConfigurationList = 1A6C3D541BE26FA50091CB47 /* Build configuration list for PBXNativeTarget "MidtermTests" */;
			buildPhases = (
				1A6C3D431BE26FA50091CB47 /* Sources */,
				1A6C3D441BE26FA50091CB47 /* Frameworks */,
				1A6C3D451BE26FA50091CB47 /* Resources */,
			);
			buildRules = (
			);
			dependencies = (
				1A6C3D491BE26FA50091CB47 /* PBXTargetDependency */,
			);
			name = MidtermTests;
			productName = MidtermTests;
			productReference = 1A6C3D471BE26FA50091CB47 /* MidtermTests.xctest */;
			productType = "com.apple.product-type.bundle.unit-test";
		};
/* End PBXNativeTarget section */

/* Begin PBXProject section */
		1A6C3D2A1BE26FA40091CB47 /* Project object */ = {
			isa = PBXProject;
			attributes = {
				LastUpgradeCheck = 0630;
				ORGANIZATIONNAME = "Andrew Kiproff";
				TargetAttributes = {
					1A6C3D311BE26FA50091CB47 = {
						CreatedOnToolsVersion = 6.3.2;
					};
					1A6C3D461BE26FA50091CB47 = {
						CreatedOnToolsVersion = 6.3.2;
						TestTargetID = 1A6C3D311BE26FA50091CB47;
					};
				};
			};
			buildConfigurationList = 1A6C3D2D1BE26FA40091CB47 /* Build configuration list for PBXProject "Midterm" */;
			compatibilityVersion = "Xcode 3.2";
			developmentRegion = English;
			hasScannedForEncodings = 0;
			knownRegions = (
				en,
				Base,
			);
			mainGroup = 1A6C3D291BE26FA40091CB47;
			productRefGroup = 1A6C3D331BE26FA50091CB47 /* Products */;
			projectDirPath = "";
			projectRoot = "";
			targets = (
				1A6C3D311BE26FA50091CB47 /* Midterm */,
				1A6C3D461BE26FA50091CB47 /* MidtermTests */,
			);
		};
/* End PBXProject section */

/* Begin PBXResourcesBuildPhase section */
		1A6C3D301BE26FA50091CB47 /* Resources */ = {
			isa = PBXResourcesBuildPhase;
			buildActionMask = 2147483647;
			files = (
				1A6C3D3D1BE26FA50091CB47 /* Main.storyboard in Resources */,
				1A6C3D421BE26FA50091CB47 /* LaunchScreen.xib in Resources */,
				1A6C3D3F1BE26FA50091CB47 /* Images.xcassets in Resources */,
			);
			runOnlyForDeploymentPostprocessing = 0;
		};
		1A6C3D451BE26FA50091CB47 /* Resources */ = {
			isa = PBXResourcesBuildPhase;
			buildActionMask = 2147483647;
			files = (
			);
			runOnlyForDeploymentPostprocessing = 0;
		};
/* End PBXResourcesBuildPhase section */

/* Begin PBXSourcesBuildPhase section */
		1A6C3D2E1BE26FA50091CB47 /* Sources */ = {
			isa = PBXSourcesBuildPhase;
			buildActionMask = 2147483647;
			files = (
				1A6C3D3A1BE26FA50091CB47 /* ViewController.swift in Sources */,
				1A6C3D381BE26FA50091CB47 /* AppDelegate.swift in Sources */,
			);
			runOnlyForDeploymentPostprocessing = 0;
		};
		1A6C3D431BE26FA50091CB47 /* Sources */ = {
			isa = PBXSourcesBuildPhase;
			buildActionMask = 2147483647;
			files = (
				1A6C3D4E1BE26FA50091CB47 /* MidtermTests.swift in Sources */,
			);
			runOnlyForDeploymentPostprocessing = 0;
		};
/* End PBXSourcesBuildPhase section */

/* Begin PBXTargetDependency section */
		1A6C3D491BE26FA50091CB47 /* PBXTargetDependency */ = {
			isa = PBXTargetDependency;
			target = 1A6C3D311BE26FA50091CB47 /* Midterm */;
			targetProxy = 1A6C3D481BE26FA50091CB47 /* PBXContainerItemProxy */;
		};
/* End PBXTargetDependency section */

/* Begin PBXVariantGroup section */
		1A6C3D3B1BE26FA50091CB47 /* Main.storyboard */ = {
			isa = PBXVariantGroup;
			children = (
				1A6C3D3C1BE26FA50091CB47 /* Base */,
			);
			name = Main.storyboard;
			sourceTree = "<group>";
		};
		1A6C3D401BE26FA50091CB47 /* LaunchScreen.xib */ = {
			isa = PBXVariantGroup;
			children = (
				1A6C3D411BE26FA50091CB47 /* Base */,
			);
			name = LaunchScreen.xib;
			sourceTree = "<group>";
		};
/* End PBXVariantGroup section */

/* Begin XCBuildConfiguration section */
		1A6C3D4F1BE26FA50091CB47 /* Debug */ = {
			isa = XCBuildConfiguration;
			buildSettings = {
				ALWAYS_SEARCH_USER_PATHS = NO;
				CLANG_CXX_LANGUAGE_STANDARD = "gnu++0x";
				CLANG_CXX_LIBRARY = "libc++";
				CLANG_ENABLE_MODULES = YES;
				CLANG_ENABLE_OBJC_ARC = YES;
				CLANG_WARN_BOOL_CONVERSION = YES;
				CLANG_WARN_CONSTANT_CONVERSION = YES;
				CLANG_WARN_DIRECT_OBJC_ISA_USAGE = YES_ERROR;
				CLANG_WARN_EMPTY_BODY = YES;
				CLANG_WARN_ENUM_CONVERSION = YES;
				CLANG_WARN_INT_CONVERSION = YES;
				CLANG_WARN_OBJC_ROOT_CLASS = YES_ERROR;
				CLANG_WARN_UNREACHABLE_CODE = YES;
				CLANG_WARN__DUPLICATE_METHOD_MATCH = YES;
				"CODE_SIGN_IDENTITY[sdk=iphoneos*]" = "iPhone Developer";
				COPY_PHASE_STRIP = NO;
				DEBUG_INFORMATION_FORMAT = "dwarf-with-dsym";
				ENABLE_STRICT_OBJC_MSGSEND = YES;
				GCC_C_LANGUAGE_STANDARD = gnu99;
				GCC_DYNAMIC_NO_PIC = NO;
				GCC_NO_COMMON_BLOCKS = YES;
				GCC_OPTIMIZATION_LEVEL = 0;
				GCC_PREPROCESSOR_DEFINITIONS = (
					"DEBUG=1",
					"$(inherited)",
				);
				GCC_SYMBOLS_PRIVATE_EXTERN = NO;
				GCC_WARN_64_TO_32_BIT_CONVERSION = YES;
				GCC_WARN_ABOUT_RETURN_TYPE = YES_ERROR;
				GCC_WARN_UNDECLARED_SELECTOR = YES;
				GCC_WARN_UNINITIALIZED_AUTOS = YES_AGGRESSIVE;
				GCC_WARN_UNUSED_FUNCTION = YES;
				GCC_WARN_UNUSED_VARIABLE = YES;
				IPHONEOS_DEPLOYMENT_TARGET = 8.3;
				MTL_ENABLE_DEBUG_INFO = YES;
				ONLY_ACTIVE_ARCH = YES;
				SDKROOT = iphoneos;
				SWIFT_OPTIMIZATION_LEVEL = "-Onone";
				TARGETED_DEVICE_FAMILY = "1,2";
			};
			name = Debug;
		};
		1A6C3D501BE26FA50091CB47 /* Release */ = {
			isa = XCBuildConfiguration;
			buildSettings = {
				ALWAYS_SEARCH_USER_PATHS = NO;
				CLANG_CXX_LANGUAGE_STANDARD = "gnu++0x";
				CLANG_CXX_LIBRARY = "libc++";
				CLANG_ENABLE_MODULES = YES;
				CLANG_ENABLE_OBJC_ARC = YES;
				CLANG_WARN_BOOL_CONVERSION = YES;
				CLANG_WARN_CONSTANT_CONVERSION = YES;
				CLANG_WARN_DIRECT_OBJC_ISA_USAGE = YES_ERROR;
				CLANG_WARN_EMPTY_BODY = YES;
				CLANG_WARN_ENUM_CONVERSION = YES;
				CLANG_WARN_INT_CONVERSION = YES;
				CLANG_WARN_OBJC_ROOT_CLASS = YES_ERROR;
				CLANG_WARN_UNREACHABLE_CODE = YES;
				CLANG_WARN__DUPLICATE_METHOD_MATCH = YES;
				"CODE_SIGN_IDENTITY[sdk=iphoneos*]" = "iPhone Developer";
				COPY_PHASE_STRIP = NO;
				DEBUG_INFORMATION_FORMAT = "dwarf-with-dsym";
				ENABLE_NS_ASSERTIONS = NO;
				ENABLE_STRICT_OBJC_MSGSEND = YES;
				GCC_C_LANGUAGE_STANDARD = gnu99;
				GCC_NO_COMMON_BLOCKS = YES;
				GCC_WARN_64_TO_32_BIT_CONVERSION = YES;
				GCC_WARN_ABOUT_RETURN_TYPE = YES_ERROR;
				GCC_WARN_UNDECLARED_SELECTOR = YES;
				GCC_WARN_UNINITIALIZED_AUTOS = YES_AGGRESSIVE;
				GCC_WARN_UNUSED_FUNCTION = YES;
				GCC_WARN_UNUSED_VARIABLE = YES;
				IPHONEOS_DEPLOYMENT_TARGET = 8.3;
				MTL_ENABLE_DEBUG_INFO = NO;
				SDKROOT = iphoneos;
				TARGETED_DEVICE_FAMILY = "1,2";
				VALIDATE_PRODUCT = YES;
			};
			name = Release;
		};
		1A6C3D521BE26FA50091CB47 /* Debug */ = {
			isa = XCBuildConfiguration;
			buildSettings = {
				ASSETCATALOG_COMPILER_APPICON_NAME = AppIcon;
				INFOPLIST_FILE = Midterm/Info.plist;
				LD_RUNPATH_SEARCH_PATHS = "$(inherited) @executable_path/Frameworks";
				PRODUCT_NAME = "$(TARGET_NAME)";
			};
			name = Debug;
		};
		1A6C3D531BE26FA50091CB47 /* Release */ = {
			isa = XCBuildConfiguration;
			buildSettings = {
				ASSETCATALOG_COMPILER_APPICON_NAME = AppIcon;
				INFOPLIST_FILE = Midterm/Info.plist;
				LD_RUNPATH_SEARCH_PATHS = "$(inherited) @executable_path/Frameworks";
				PRODUCT_NAME = "$(TARGET_NAME)";
			};
			name = Release;
		};
		1A6C3D551BE26FA50091CB47 /* Debug */ = {
			isa = XCBuildConfiguration;
			buildSettings = {
				BUNDLE_LOADER = "$(TEST_HOST)";
				FRAMEWORK_SEARCH_PATHS = (
					"$(SDKROOT)/Developer/Library/Frameworks",
					"$(inherited)",
				);
				GCC_PREPROCESSOR_DEFINITIONS = (
					"DEBUG=1",
					"$(inherited)",
				);
				INFOPLIST_FILE = MidtermTests/Info.plist;
				LD_RUNPATH_SEARCH_PATHS = "$(inherited) @executable_path/Frameworks @loader_path/Frameworks";
				PRODUCT_NAME = "$(TARGET_NAME)";
				TEST_HOST = "$(BUILT_PRODUCTS_DIR)/Midterm.app/Midterm";
			};
			name = Debug;
		};
		1A6C3D561BE26FA50091CB47 /* Release */ = {
			isa = XCBuildConfiguration;
			buildSettings = {
				BUNDLE_LOADER = "$(TEST_HOST)";
				FRAMEWORK_SEARCH_PATHS = (
					"$(SDKROOT)/Developer/Library/Frameworks",
					"$(inherited)",
				);
				INFOPLIST_FILE = MidtermTests/Info.plist;
				LD_RUNPATH_SEARCH_PATHS = "$(inherited) @executable_path/Frameworks @loader_path/Frameworks";
				PRODUCT_NAME = "$(TARGET_NAME)";
				TEST_HOST = "$(BUILT_PRODUCTS_DIR)/Midterm.app/Midterm";
			};
			name = Release;
		};
/* End XCBuildConfiguration section */

/* Begin XCConfigurationList section */
		1A6C3D2D1BE26FA40091CB47 /* Build configuration list for PBXProject "Midterm" */ = {
			isa = XCConfigurationList;
			buildConfigurations = (
				1A6C3D4F1BE26FA50091CB47 /* Debug */,
				1A6C3D501BE26FA50091CB47 /* Release */,
			);
			defaultConfigurationIsVisible = 0;
			defaultConfigurationName = Release;
		};
		1A6C3D511BE26FA50091CB47 /* Build configuration list for PBXNativeTarget "Midterm" */ = {
			isa = XCConfigurationList;
			buildConfigurations = (
				1A6C3D521BE26FA50091CB47 /* Debug */,
				1A6C3D531BE26FA50091CB47 /* Release */,
			);
			defaultConfigurationIsVisible = 0;
		};
		1A6C3D541BE26FA50091CB47 /* Build configuration list for PBXNativeTarget "MidtermTests" */ = {
			isa = XCConfigurationList;
			buildConfigurations = (
				1A6C3D551BE26FA50091CB47 /* Debug */,
				1A6C3D561BE26FA50091CB47 /* Release */,
			);
			defaultConfigurationIsVisible = 0;
		};
/* End XCConfigurationList section */
	};
	rootObject = 1A6C3D2A1BE26FA40091CB47 /* Project object */;
}
